
Microsoft Visual Studio Solution File, Format Version 12.00
# Visual Studio 15
VisualStudioVersion = 15.0.27004.2008
MinimumVisualStudioVersion = 10.0.40219.1
Project("{FAE04EC0-301F-11D3-BF4B-00C04F79EFBC}") = "Listings", "Listings\Listings.csproj", "{B44B531D-071E-4CE4-84C4-0D313D18C0B9}"
EndProject
Project("{54435603-DBB4-11D2-8724-00A0C9A8B90C}") = "Setup", "Setup\Setup.vdproj", "{6C99991B-B4F9-4D93-B46A-169DF5BE9558}"
EndProject
Project("{FAE04EC0-301F-11D3-BF4B-00C04F79EFBC}") = "Evidoo", "Evidoo\Evidoo.csproj", "{8DD27744-DD02-4329-89A6-EBD3D5550BBB}"
EndProject
Project("{FAE04EC0-301F-11D3-BF4B-00C04F79EFBC}") = "Updater", "Updater\Updater.csproj", "{5E2A10D4-11D0-48AB-881A-78E0EEA45235}"
EndProject
Global
	GlobalSection(SolutionConfigurationPlatforms) = preSolution
		Debug|Any CPU = Debug|Any CPU
		Release|Any CPU = Release|Any CPU
	EndGlobalSection
	GlobalSection(ProjectConfigurationPlatforms) = postSolution
		{B44B531D-071E-4CE4-84C4-0D313D18C0B9}.Debug|Any CPU.ActiveCfg = Debug|Any CPU
		{B44B531D-071E-4CE4-84C4-0D313D18C0B9}.Debug|Any CPU.Build.0 = Debug|Any CPU
		{B44B531D-071E-4CE4-84C4-0D313D18C0B9}.Release|Any CPU.ActiveCfg = Release|Any CPU
		{B44B531D-071E-4CE4-84C4-0D313D18C0B9}.Release|Any CPU.Build.0 = Release|Any CPU
		{6C99991B-B4F9-4D93-B46A-169DF5BE9558}.Debug|Any CPU.ActiveCfg = Debug
		{6C99991B-B4F9-4D93-B46A-169DF5BE9558}.Release|Any CPU.ActiveCfg = Release
		{8DD27744-DD02-4329-89A6-EBD3D5550BBB}.Debug|Any CPU.ActiveCfg = Debug|Any CPU
		{8DD27744-DD02-4329-89A6-EBD3D5550BBB}.Debug|Any CPU.Build.0 = Debug|Any CPU
		{8DD27744-DD02-4329-89A6-EBD3D5550BBB}.Release|Any CPU.ActiveCfg = Release|Any CPU
		{8DD27744-DD02-4329-89A6-EBD3D5550BBB}.Release|Any CPU.Build.0 = Release|Any CPU
		{5E2A10D4-11D0-48AB-881A-78E0EEA45235}.Debug|Any CPU.ActiveCfg = Debug|Any CPU
		{5E2A10D4-11D0-48AB-881A-78E0EEA45235}.Debug|Any CPU.Build.0 = Debug|Any CPU
		{5E2A10D4-11D0-48AB-881A-78E0EEA45235}.Release|Any CPU.ActiveCfg = Release|Any CPU
		{5E2A10D4-11D0-48AB-881A-78E0EEA45235}.Release|Any CPU.Build.0 = Release|Any CPU
	EndGlobalSection
	GlobalSection(SolutionProperties) = preSolution
		HideSolutionNode = FALSE
	EndGlobalSection
	GlobalSection(ExtensibilityGlobals) = postSolution
		SolutionGuid = {0671E674-AFEE-4219-BDC2-58D4479403DB}
	EndGlobalSection
EndGlobal
